
Microsoft Visual Studio Solution File, Format Version 12.00
# Visual Studio 14
VisualStudioVersion = 14.0.25420.1
MinimumVisualStudioVersion = 10.0.40219.1
Project("{2150E333-8FDC-42A3-9474-1A3956D46DE8}") = "src", "src", "{A4D15DF1-9CE8-48A7-B25A-D4259295806B}"
EndProject
Project("{2150E333-8FDC-42A3-9474-1A3956D46DE8}") = "Solution Items", "Solution Items", "{66E0E4DE-1DAC-43E0-A1C9-25BE30CE0421}"
	ProjectSection(SolutionItems) = preProject
		global.json = global.json
	EndProjectSection
EndProject
Project("{2150E333-8FDC-42A3-9474-1A3956D46DE8}") = "Hosts", "Hosts", "{A3B9F46E-28BA-40AF-9137-AED1A80B00A8}"
EndProject
Project("{2150E333-8FDC-42A3-9474-1A3956D46DE8}") = "Processes", "Processes", "{89E6054F-8126-48E5-BE1F-AFAA202DCB64}"
EndProject
Project("{FAE04EC0-301F-11D3-BF4B-00C04F79EFBC}") = "For.SSO.Services", "src\For.SSO.Services\For.SSO.Services.csproj", "{6AD9307E-AF31-4CE4-938E-8DD011BE1C47}"
EndProject
Project("{8BB2217D-0F2D-49D1-97BC-3654ED321F3B}") = "For.SSO.Web", "src\For.SSO.Web\For.SSO.Web.xproj", "{26EA972B-D87F-4579-8A0B-090D2632F30F}"
EndProject
Project("{FAE04EC0-301F-11D3-BF4B-00C04F79EFBC}") = "For.SSO.DB", "src\For.SSO.DB\For.SSO.DB.csproj", "{E920837D-18C7-4FD1-B953-73D92A1798EC}"
EndProject
Project("{8BB2217D-0F2D-49D1-97BC-3654ED321F3B}") = "For.SSO.WebAPI", "src\For.SSO.WebAPI\For.SSO.WebAPI.xproj", "{00705477-7E89-4B94-980E-3E202D1C9B4C}"
EndProject
Project("{8BB2217D-0F2D-49D1-97BC-3654ED321F3B}") = "Test", "Test\Test.xproj", "{433D6D24-30F1-4DEC-AF24-691503AF3340}"
EndProject
Project("{2150E333-8FDC-42A3-9474-1A3956D46DE8}") = "Component", "Component", "{59929CE4-18F4-42F4-9F9C-3C4738EF6946}"
EndProject
Project("{FAE04EC0-301F-11D3-BF4B-00C04F79EFBC}") = "For.Authentication", "src\For.Authentication\For.Authentication.csproj", "{3816E0BA-39D4-4B6C-B805-D1F26186507A}"
EndProject
Global
	GlobalSection(SolutionConfigurationPlatforms) = preSolution
		Debug|Any CPU = Debug|Any CPU
		Release|Any CPU = Release|Any CPU
	EndGlobalSection
	GlobalSection(ProjectConfigurationPlatforms) = postSolution
		{6AD9307E-AF31-4CE4-938E-8DD011BE1C47}.Debug|Any CPU.ActiveCfg = Debug|Any CPU
		{6AD9307E-AF31-4CE4-938E-8DD011BE1C47}.Debug|Any CPU.Build.0 = Debug|Any CPU
		{6AD9307E-AF31-4CE4-938E-8DD011BE1C47}.Release|Any CPU.ActiveCfg = Release|Any CPU
		{6AD9307E-AF31-4CE4-938E-8DD011BE1C47}.Release|Any CPU.Build.0 = Release|Any CPU
		{26EA972B-D87F-4579-8A0B-090D2632F30F}.Debug|Any CPU.ActiveCfg = Debug|Any CPU
		{26EA972B-D87F-4579-8A0B-090D2632F30F}.Debug|Any CPU.Build.0 = Debug|Any CPU
		{26EA972B-D87F-4579-8A0B-090D2632F30F}.Release|Any CPU.ActiveCfg = Release|Any CPU
		{26EA972B-D87F-4579-8A0B-090D2632F30F}.Release|Any CPU.Build.0 = Release|Any CPU
		{E920837D-18C7-4FD1-B953-73D92A1798EC}.Debug|Any CPU.ActiveCfg = Debug|Any CPU
		{E920837D-18C7-4FD1-B953-73D92A1798EC}.Debug|Any CPU.Build.0 = Debug|Any CPU
		{E920837D-18C7-4FD1-B953-73D92A1798EC}.Release|Any CPU.ActiveCfg = Release|Any CPU
		{E920837D-18C7-4FD1-B953-73D92A1798EC}.Release|Any CPU.Build.0 = Release|Any CPU
		{00705477-7E89-4B94-980E-3E202D1C9B4C}.Debug|Any CPU.ActiveCfg = Debug|Any CPU
		{00705477-7E89-4B94-980E-3E202D1C9B4C}.Debug|Any CPU.Build.0 = Debug|Any CPU
		{00705477-7E89-4B94-980E-3E202D1C9B4C}.Release|Any CPU.ActiveCfg = Release|Any CPU
		{00705477-7E89-4B94-980E-3E202D1C9B4C}.Release|Any CPU.Build.0 = Release|Any CPU
		{433D6D24-30F1-4DEC-AF24-691503AF3340}.Debug|Any CPU.ActiveCfg = Debug|Any CPU
		{433D6D24-30F1-4DEC-AF24-691503AF3340}.Debug|Any CPU.Build.0 = Debug|Any CPU
		{433D6D24-30F1-4DEC-AF24-691503AF3340}.Release|Any CPU.ActiveCfg = Release|Any CPU
		{433D6D24-30F1-4DEC-AF24-691503AF3340}.Release|Any CPU.Build.0 = Release|Any CPU
		{3816E0BA-39D4-4B6C-B805-D1F26186507A}.Debug|Any CPU.ActiveCfg = Debug|Any CPU
		{3816E0BA-39D4-4B6C-B805-D1F26186507A}.Debug|Any CPU.Build.0 = Debug|Any CPU
		{3816E0BA-39D4-4B6C-B805-D1F26186507A}.Release|Any CPU.ActiveCfg = Release|Any CPU
		{3816E0BA-39D4-4B6C-B805-D1F26186507A}.Release|Any CPU.Build.0 = Release|Any CPU
	EndGlobalSection
	GlobalSection(SolutionProperties) = preSolution
		HideSolutionNode = FALSE
	EndGlobalSection
	GlobalSection(NestedProjects) = preSolution
		{A3B9F46E-28BA-40AF-9137-AED1A80B00A8} = {A4D15DF1-9CE8-48A7-B25A-D4259295806B}
		{89E6054F-8126-48E5-BE1F-AFAA202DCB64} = {A4D15DF1-9CE8-48A7-B25A-D4259295806B}
		{6AD9307E-AF31-4CE4-938E-8DD011BE1C47} = {89E6054F-8126-48E5-BE1F-AFAA202DCB64}
		{26EA972B-D87F-4579-8A0B-090D2632F30F} = {A3B9F46E-28BA-40AF-9137-AED1A80B00A8}
		{E920837D-18C7-4FD1-B953-73D92A1798EC} = {89E6054F-8126-48E5-BE1F-AFAA202DCB64}
		{00705477-7E89-4B94-980E-3E202D1C9B4C} = {A3B9F46E-28BA-40AF-9137-AED1A80B00A8}
		{433D6D24-30F1-4DEC-AF24-691503AF3340} = {A3B9F46E-28BA-40AF-9137-AED1A80B00A8}
		{59929CE4-18F4-42F4-9F9C-3C4738EF6946} = {A4D15DF1-9CE8-48A7-B25A-D4259295806B}
		{3816E0BA-39D4-4B6C-B805-D1F26186507A} = {59929CE4-18F4-42F4-9F9C-3C4738EF6946}
	EndGlobalSection
	GlobalSection(ExtensibilityGlobals) = postSolution
		VisualSVNWorkingCopyRoot = .
	EndGlobalSection
EndGlobal
